<?xml version="1.0" encoding="utf-8"?>
<Project ToolsVersion="4.0" xmlns="http://schemas.microsoft.com/developer/msbuild/2003">
  <ItemGroup>
    <Filter Include="Engine">
      <UniqueIdentifier>{55504a0c-f456-4d9a-9c24-f9ee92ee44b0}</UniqueIdentifier>
    </Filter>
    <Filter Include="Engine\Graphics">
      <UniqueIdentifier>{39561de5-81fe-4639-8619-bb8bf7cf48d4}</UniqueIdentifier>
    </Filter>
    <Filter Include="Engine\Sound">
      <UniqueIdentifier>{77dfa8b1-f468-40fd-ba72-3b08588f8312}</UniqueIdentifier>
    </Filter>
    <Filter Include="Engine\Input">
      <UniqueIdentifier>{d0932f77-2ec3-4a1e-9a41-ab1053b15292}</UniqueIdentifier>
    </Filter>
  </ItemGroup>
  <ItemGroup>
    <ClCompile Include="src\Main.cpp">
      <Filter>Engine</Filter>
    </ClCompile>
    <ClCompile Include="src\EngineMain.cpp">
      <Filter>Engine</Filter>
    </ClCompile>
    <ClCompile Include="src\sound\SoundMain.cpp" />
  </ItemGroup>
  <ItemGroup>
    <ClInclude Include="src\graphics\GraphicsMain.h">
      <Filter>Engine\Graphics</Filter>
    </ClInclude>
    <ClInclude Include="src\input\InputMain.h">
      <Filter>Engine\Input</Filter>
    </ClInclude>
    <ClInclude Include="src\sound\SoundMain.h">
      <Filter>Engine\Sound</Filter>
    </ClInclude>
    <ClInclude Include="src\EngineMain.h">
      <Filter>Engine</Filter>
    </ClInclude>
  </ItemGroup>
</Project>